
Microsoft Visual Studio Solution File, Format Version 12.00
# Visual Studio Version 17
VisualStudioVersion = 17.5.33627.172
MinimumVisualStudioVersion = 10.0.40219.1
Project("{FAE04EC0-301F-11D3-BF4B-00C04F79EFBC}") = "SetAclCertificateStore", "SetAclCertificateStore\SetAclCertificateStore.csproj", "{03398E41-839F-4C5D-8294-5738E1108C19}"
EndProject
Global
	GlobalSection(SolutionConfigurationPlatforms) = preSolution
		Debug|Any CPU = Debug|Any CPU
		Release|Any CPU = Release|Any CPU
	EndGlobalSection
	GlobalSection(ProjectConfigurationPlatforms) = postSolution
		{03398E41-839F-4C5D-8294-5738E1108C19}.Debug|Any CPU.ActiveCfg = Debug|Any CPU
		{03398E41-839F-4C5D-8294-5738E1108C19}.Debug|Any CPU.Build.0 = Debug|Any CPU
		{03398E41-839F-4C5D-8294-5738E1108C19}.Release|Any CPU.ActiveCfg = Release|Any CPU
		{03398E41-839F-4C5D-8294-5738E1108C19}.Release|Any CPU.Build.0 = Release|Any CPU
	EndGlobalSection
	GlobalSection(SolutionProperties) = preSolution
		HideSolutionNode = FALSE
	EndGlobalSection
	GlobalSection(ExtensibilityGlobals) = postSolution
		SolutionGuid = {0A618A33-144E-4A71-B103-516EF5C1C503}
	EndGlobalSection
EndGlobal
